github.com/IrineSistiana/ctunnel v0.0.0-20210409113947-9756ebc29fdb h1:b7t7X5hUjO3ZTDfe2TZOKHGe7Aq8yfNzwwcS4Qg7QTA=
github.com/IrineSistiana/ctunnel v0.0.0-20210409113947-9756ebc29fdb/go.mod h1:xcxj4YojLW9ri1tSYmHFtCSaphfxXEGgp+9BnbVpDYk=
github.com/xtaci/smux v1.5.15 h1:6hMiXswcleXj5oNfcJc+DXS8Vj36XX2LaX98udog6Kc=
github.com/xtaci/smux v1.5.15/go.mod h1:OMlQbT5vcgl2gb49mFkYo6SMf+zP3rcjcwQz7ZU7IGY=
github.com/xtaci/smux v1.5.16 h1:FBPYOkW8ZTjLKUM4LI4xnnuuDC8CQ/dB04HD519WoEk=
github.com/xtaci/smux v1.5.16/go.mod h1:OMlQbT5vcgl2gb49mFkYo6SMf+zP3rcjcwQz7ZU7IGY=
golang.org/x/sys v0.0.0-20200523222454-059865788121 h1:rITEj+UZHYC927n8GT97eC3zrpzXdb/voyeOuVKS46o=
golang.org/x/sys v0.0.0-20200523222454-059865788121/go.mod h1:h1NjWce9XRLGQEsW7wpKNCjG9DtNlClVuFLEZdDNbEs=
golang.org/x/sys v0.0.0-20210403161142-5e06dd20ab57 h1:F5Gozwx4I1xtr/sr/8CFbb57iKi3297KFs0QDbGN60A=
golang.org/x/sys v0.0.0-20210403161142-5e06dd20ab57/go.mod h1:h1NjWce9XRLGQEsW7wpKNCjG9DtNlClVuFLEZdDNbEs=
golang.org/x/sys v0.0.0-20211003122950-b1ebd4e1001c h1:EyJTLQbOxvk8V6oDdD8ILR1BOs3nEJXThD6aqsiPNkM=
golang.org/x/sys v0.0.0-20211003122950-b1ebd4e1001c/go.mod h1:oPkhp1MJrh7nUepCBck5+mAzfO9JrbApNNgaTdGDITg=
